// !$*UTF8*$!
{
	archiveVersion = 1;
	classes = {
	};
	objectVersion = 46;
	objects = {

/* Begin PBXBuildFile section */
		6FB37D041CD898C700B4A999 /* main.m in Sources */ = {isa = PBXBuildFile; fileRef = 6FB37D031CD898C700B4A999 /* main.m */; };
		6FB37D071CD898C700B4A999 /* AppDelegate.m in Sources */ = {isa = PBXBuildFile; fileRef = 6FB37D061CD898C700B4A999 /* AppDelegate.m */; };
		6FB37D0A1CD898C700B4A999 /* ViewController.m in Sources */ = {isa = PBXBuildFile; fileRef = 6FB37D091CD898C700B4A999 /* ViewController.m */; };
		6FB37D0D1CD898C700B4A999 /* Main.storyboard in Resources */ = {isa = PBXBuildFile; fileRef = 6FB37D0B1CD898C700B4A999 /* Main.storyboard */; };
		6FB37D0F1CD898C700B4A999 /* Assets.xcassets in Resources */ = {isa = PBXBuildFile; fileRef = 6FB37D0E1CD898C700B4A999 /* Assets.xcassets */; };
		6FB37D121CD898C700B4A999 /* LaunchScreen.storyboard in Resources */ = {isa = PBXBuildFile; fileRef = 6FB37D101CD898C700B4A999 /* LaunchScreen.storyboard */; };
		6FB37D1D1CD898C700B4A999 /* ClickWebImageAmplificationTests.m in Sources */ = {isa = PBXBuildFile; fileRef = 6FB37D1C1CD898C700B4A999 /* ClickWebImageAmplificationTests.m */; };
		6FB37D281CD898C700B4A999 /* ClickWebImageAmplificationUITests.m in Sources */ = {isa = PBXBuildFile; fileRef = 6FB37D271CD898C700B4A999 /* ClickWebImageAmplificationUITests.m */; };
/* End PBXBuildFile section */

/* Begin PBXContainerItemProxy section */
		6FB37D191CD898C700B4A999 /* PBXContainerItemProxy */ = {
			isa = PBXContainerItemProxy;
			containerPortal = 6FB37CF71CD898C700B4A999 /* Project object */;
			proxyType = 1;
			remoteGlobalIDString = 6FB37CFE1CD898C700B4A999;
			remoteInfo = ClickWebImageAmplification;
		};
		6FB37D241CD898C700B4A999 /* PBXContainerItemProxy */ = {
			isa = PBXContainerItemProxy;
			containerPortal = 6FB37CF71CD898C700B4A999 /* Project object */;
			proxyType = 1;
			remoteGlobalIDString = 6FB37CFE1CD898C700B4A999;
			remoteInfo = ClickWebImageAmplification;
		};
/* End PBXContainerItemProxy section */

/* Begin PBXFileReference section */
		6FB37CFF1CD898C700B4A999 /* ClickWebImageAmplification.app */ = {isa = PBXFileReference; explicitFileType = wrapper.application; includeInIndex = 0; path = ClickWebImageAmplification.app; sourceTree = BUILT_PRODUCTS_DIR; };
		6FB37D031CD898C700B4A999 /* main.m */ = {isa = PBXFileReference; lastKnownFileType = sourcecode.c.objc; path = main.m; sourceTree = "<group>"; };
		6FB37D051CD898C700B4A999 /* AppDelegate.h */ = {isa = PBXFileReference; lastKnownFileType = sourcecode.c.h; path = AppDelegate.h; sourceTree = "<group>"; };
		6FB37D061CD898C700B4A999 /* AppDelegate.m */ = {isa = PBXFileReference; lastKnownFileType = sourcecode.c.objc; path = AppDelegate.m; sourceTree = "<group>"; };
		6FB37D081CD898C700B4A999 /* ViewController.h */ = {isa = PBXFileReference; lastKnownFileType = sourcecode.c.h; path = ViewController.h; sourceTree = "<group>"; };
		6FB37D091CD898C700B4A999 /* ViewController.m */ = {isa = PBXFileReference; lastKnownFileType = sourcecode.c.objc; path = ViewController.m; sourceTree = "<group>"; };
		6FB37D0C1CD898C700B4A999 /* Base */ = {isa = PBXFileReference; lastKnownFileType = file.storyboard; name = Base; path = Base.lproj/Main.storyboard; sourceTree = "<group>"; };
		6FB37D0E1CD898C700B4A999 /* Assets.xcassets */ = {isa = PBXFileReference; lastKnownFileType = folder.assetcatalog; path = Assets.xcassets; sourceTree = "<group>"; };
		6FB37D111CD898C700B4A999 /* Base */ = {isa = PBXFileReference; lastKnownFileType = file.storyboard; name = Base; path = Base.lproj/LaunchScreen.storyboard; sourceTree = "<group>"; };
		6FB37D131CD898C700B4A999 /* Info.plist */ = {isa = PBXFileReference; lastKnownFileType = text.plist.xml; path = Info.plist; sourceTree = "<group>"; };
		6FB37D181CD898C700B4A999 /* ClickWebImageAmplificationTests.xctest */ = {isa = PBXFileReference; explicitFileType = wrapper.cfbundle; includeInIndex = 0; path = ClickWebImageAmplificationTests.xctest; sourceTree = BUILT_PRODUCTS_DIR; };
		6FB37D1C1CD898C700B4A999 /* ClickWebImageAmplificationTests.m */ = {isa = PBXFileReference; lastKnownFileType = sourcecode.c.objc; path = ClickWebImageAmplificationTests.m; sourceTree = "<group>"; };
		6FB37D1E1CD898C700B4A999 /* Info.plist */ = {isa = PBXFileReference; lastKnownFileType = text.plist.xml; path = Info.plist; sourceTree = "<group>"; };
		6FB37D231CD898C700B4A999 /* ClickWebImageAmplificationUITests.xctest */ = {isa = PBXFileReference; explicitFileType = wrapper.cfbundle; includeInIndex = 0; path = ClickWebImageAmplificationUITests.xctest; sourceTree = BUILT_PRODUCTS_DIR; };
		6FB37D271CD898C700B4A999 /* ClickWebImageAmplificationUITests.m */ = {isa = PBXFileReference; lastKnownFileType = sourcecode.c.objc; path = ClickWebImageAmplificationUITests.m; sourceTree = "<group>"; };
		6FB37D291CD898C700B4A999 /* Info.plist */ = {isa = PBXFileReference; lastKnownFileType = text.plist.xml; path = Info.plist; sourceTree = "<group>"; };
/* End PBXFileReference section */

/* Begin PBXFrameworksBuildPhase section */
		6FB37CFC1CD898C700B4A999 /* Frameworks */ = {
			isa = PBXFrameworksBuildPhase;
			buildActionMask = 2147483647;
			files = (
			);
			runOnlyForDeploymentPostprocessing = 0;
		};
		6FB37D151CD898C700B4A999 /* Frameworks */ = {
			isa = PBXFrameworksBuildPhase;
			buildActionMask = 2147483647;
			files = (
			);
			runOnlyForDeploymentPostprocessing = 0;
		};
		6FB37D201CD898C700B4A999 /* Frameworks */ = {
			isa = PBXFrameworksBuildPhase;
			buildActionMask = 2147483647;
			files = (
			);
			runOnlyForDeploymentPostprocessing = 0;
		};
/* End PBXFrameworksBuildPhase section */

/* Begin PBXGroup section */
		6FB37CF61CD898C700B4A999 = {
			isa = PBXGroup;
			children = (
				6FB37D011CD898C700B4A999 /* ClickWebImageAmplification */,
				6FB37D1B1CD898C700B4A999 /* ClickWebImageAmplificationTests */,
				6FB37D261CD898C700B4A999 /* ClickWebImageAmplificationUITests */,
				6FB37D001CD898C700B4A999 /* Products */,
			);
			sourceTree = "<group>";
		};
		6FB37D001CD898C700B4A999 /* Products */ = {
			isa = PBXGroup;
			children = (
				6FB37CFF1CD898C700B4A999 /* ClickWebImageAmplification.app */,
				6FB37D181CD898C700B4A999 /* ClickWebImageAmplificationTests.xctest */,
				6FB37D231CD898C700B4A999 /* ClickWebImageAmplificationUITests.xctest */,
			);
			name = Products;
			sourceTree = "<group>";
		};
		6FB37D011CD898C700B4A999 /* ClickWebImageAmplification */ = {
			isa = PBXGroup;
			children = (
				6FB37D051CD898C700B4A999 /* AppDelegate.h */,
				6FB37D061CD898C700B4A999 /* AppDelegate.m */,
				6FB37D081CD898C700B4A999 /* ViewController.h */,
				6FB37D091CD898C700B4A999 /* ViewController.m */,
				6FB37D0B1CD898C700B4A999 /* Main.storyboard */,
				6FB37D0E1CD898C700B4A999 /* Assets.xcassets */,
				6FB37D101CD898C700B4A999 /* LaunchScreen.storyboard */,
				6FB37D131CD898C700B4A999 /* Info.plist */,
				6FB37D021CD898C700B4A999 /* Supporting Files */,
			);
			path = ClickWebImageAmplification;
			sourceTree = "<group>";
		};
		6FB37D021CD898C700B4A999 /* Supporting Files */ = {
			isa = PBXGroup;
			children = (
				6FB37D031CD898C700B4A999 /* main.m */,
			);
			name = "Supporting Files";
			sourceTree = "<group>";
		};
		6FB37D1B1CD898C700B4A999 /* ClickWebImageAmplificationTests */ = {
			isa = PBXGroup;
			children = (
				6FB37D1C1CD898C700B4A999 /* ClickWebImageAmplificationTests.m */,
				6FB37D1E1CD898C700B4A999 /* Info.plist */,
			);
			path = ClickWebImageAmplificationTests;
			sourceTree = "<group>";
		};
		6FB37D261CD898C700B4A999 /* ClickWebImageAmplificationUITests */ = {
			isa = PBXGroup;
			children = (
				6FB37D271CD898C700B4A999 /* ClickWebImageAmplificationUITests.m */,
				6FB37D291CD898C700B4A999 /* Info.plist */,
			);
			path = ClickWebImageAmplificationUITests;
			sourceTree = "<group>";
		};
/* End PBXGroup section */

/* Begin PBXNativeTarget section */
		6FB37CFE1CD898C700B4A999 /* ClickWebImageAmplification */ = {
			isa = PBXNativeTarget;
			buildConfigurationList = 6FB37D2C1CD898C700B4A999 /* Build configuration list for PBXNativeTarget "ClickWebImageAmplification" */;
			buildPhases = (
				6FB37CFB1CD898C700B4A999 /* Sources */,
				6FB37CFC1CD898C700B4A999 /* Frameworks */,
				6FB37CFD1CD898C700B4A999 /* Resources */,
			);
			buildRules = (
			);
			dependencies = (
			);
			name = ClickWebImageAmplification;
			productName = ClickWebImageAmplification;
			productReference = 6FB37CFF1CD898C700B4A999 /* ClickWebImageAmplification.app */;
			productType = "com.apple.product-type.application";
		};
		6FB37D171CD898C700B4A999 /* ClickWebImageAmplificationTests */ = {
			isa = PBXNativeTarget;
			buildConfigurationList = 6FB37D2F1CD898C700B4A999 /* Build configuration list for PBXNativeTarget "ClickWebImageAmplificationTests" */;
			buildPhases = (
				6FB37D141CD898C700B4A999 /* Sources */,
				6FB37D151CD898C700B4A999 /* Frameworks */,
				6FB37D161CD898C700B4A999 /* Resources */,
			);
			buildRules = (
			);
			dependencies = (
				6FB37D1A1CD898C700B4A999 /* PBXTargetDependency */,
			);
			name = ClickWebImageAmplificationTests;
			productName = ClickWebImageAmplificationTests;
			productReference = 6FB37D181CD898C700B4A999 /* ClickWebImageAmplificationTests.xctest */;
			productType = "com.apple.product-type.bundle.unit-test";
		};
		6FB37D221CD898C700B4A999 /* ClickWebImageAmplificationUITests */ = {
			isa = PBXNativeTarget;
			buildConfigurationList = 6FB37D321CD898C700B4A999 /* Build configuration list for PBXNativeTarget "ClickWebImageAmplificationUITests" */;
			buildPhases = (
				6FB37D1F1CD898C700B4A999 /* Sources */,
				6FB37D201CD898C700B4A999 /* Frameworks */,
				6FB37D211CD898C700B4A999 /* Resources */,
			);
			buildRules = (
			);
			dependencies = (
				6FB37D251CD898C700B4A999 /* PBXTargetDependency */,
			);
			name = ClickWebImageAmplificationUITests;
			productName = ClickWebImageAmplificationUITests;
			productReference = 6FB37D231CD898C700B4A999 /* ClickWebImageAmplificationUITests.xctest */;
			productType = "com.apple.product-type.bundle.ui-testing";
		};
/* End PBXNativeTarget section */

/* Begin PBXProject section */
		6FB37CF71CD898C700B4A999 /* Project object */ = {
			isa = PBXProject;
			attributes = {
				LastUpgradeCheck = 0730;
				ORGANIZATIONNAME = MJHee;
				TargetAttributes = {
					6FB37CFE1CD898C700B4A999 = {
						CreatedOnToolsVersion = 7.3;
					};
					6FB37D171CD898C700B4A999 = {
						CreatedOnToolsVersion = 7.3;
						TestTargetID = 6FB37CFE1CD898C700B4A999;
					};
					6FB37D221CD898C700B4A999 = {
						CreatedOnToolsVersion = 7.3;
						TestTargetID = 6FB37CFE1CD898C700B4A999;
					};
				};
			};
			buildConfigurationList = 6FB37CFA1CD898C700B4A999 /* Build configuration list for PBXProject "ClickWebImageAmplification" */;
			compatibilityVersion = "Xcode 3.2";
			developmentRegion = English;
			hasScannedForEncodings = 0;
			knownRegions = (
				en,
				Base,
			);
			mainGroup = 6FB37CF61CD898C700B4A999;
			productRefGroup = 6FB37D001CD898C700B4A999 /* Products */;
			projectDirPath = "";
			projectRoot = "";
			targets = (
				6FB37CFE1CD898C700B4A999 /* ClickWebImageAmplification */,
				6FB37D171CD898C700B4A999 /* ClickWebImageAmplificationTests */,
				6FB37D221CD898C700B4A999 /* ClickWebImageAmplificationUITests */,
			);
		};
/* End PBXProject section */

/* Begin PBXResourcesBuildPhase section */
		6FB37CFD1CD898C700B4A999 /* Resources */ = {
			isa = PBXResourcesBuildPhase;
			buildActionMask = 2147483647;
			files = (
				6FB37D121CD898C700B4A999 /* LaunchScreen.storyboard in Resources */,
				6FB37D0F1CD898C700B4A999 /* Assets.xcassets in Resources */,
				6FB37D0D1CD898C700B4A999 /* Main.storyboard in Resources */,
			);
			runOnlyForDeploymentPostprocessing = 0;
		};
		6FB37D161CD898C700B4A999 /* Resources */ = {
			isa = PBXResourcesBuildPhase;
			buildActionMask = 2147483647;
			files = (
			);
			runOnlyForDeploymentPostprocessing = 0;
		};
		6FB37D211CD898C700B4A999 /* Resources */ = {
			isa = PBXResourcesBuildPhase;
			buildActionMask = 2147483647;
			files = (
			);
			runOnlyForDeploymentPostprocessing = 0;
		};
/* End PBXResourcesBuildPhase section */

/* Begin PBXSourcesBuildPhase section */
		6FB37CFB1CD898C700B4A999 /* Sources */ = {
			isa = PBXSourcesBuildPhase;
			buildActionMask = 2147483647;
			files = (
				6FB37D0A1CD898C700B4A999 /* ViewController.m in Sources */,
				6FB37D071CD898C700B4A999 /* AppDelegate.m in Sources */,
				6FB37D041CD898C700B4A999 /* main.m in Sources */,
			);
			runOnlyForDeploymentPostprocessing = 0;
		};
		6FB37D141CD898C700B4A999 /* Sources */ = {
			isa = PBXSourcesBuildPhase;
			buildActionMask = 2147483647;
			files = (
				6FB37D1D1CD898C700B4A999 /* ClickWebImageAmplificationTests.m in Sources */,
			);
			runOnlyForDeploymentPostprocessing = 0;
		};
		6FB37D1F1CD898C700B4A999 /* Sources */ = {
			isa = PBXSourcesBuildPhase;
			buildActionMask = 2147483647;
			files = (
				6FB37D281CD898C700B4A999 /* ClickWebImageAmplificationUITests.m in Sources */,
			);
			runOnlyForDeploymentPostprocessing = 0;
		};
/* End PBXSourcesBuildPhase section */

/* Begin PBXTargetDependency section */
		6FB37D1A1CD898C700B4A999 /* PBXTargetDependency */ = {
			isa = PBXTargetDependency;
			target = 6FB37CFE1CD898C700B4A999 /* ClickWebImageAmplification */;
			targetProxy = 6FB37D191CD898C700B4A999 /* PBXContainerItemProxy */;
		};
		6FB37D251CD898C700B4A999 /* PBXTargetDependency */ = {
			isa = PBXTargetDependency;
			target = 6FB37CFE1CD898C700B4A999 /* ClickWebImageAmplification */;
			targetProxy = 6FB37D241CD898C700B4A999 /* PBXContainerItemProxy */;
		};
/* End PBXTargetDependency section */

/* Begin PBXVariantGroup section */
		6FB37D0B1CD898C700B4A999 /* Main.storyboard */ = {
			isa = PBXVariantGroup;
			children = (
				6FB37D0C1CD898C700B4A999 /* Base */,
			);
			name = Main.storyboard;
			sourceTree = "<group>";
		};
		6FB37D101CD898C700B4A999 /* LaunchScreen.storyboard */ = {
			isa = PBXVariantGroup;
			children = (
				6FB37D111CD898C700B4A999 /* Base */,
			);
			name = LaunchScreen.storyboard;
			sourceTree = "<group>";
		};
/* End PBXVariantGroup section */

/* Begin XCBuildConfiguration section */
		6FB37D2A1CD898C700B4A999 /* Debug */ = {
			isa = XCBuildConfiguration;
			buildSettings = {
				ALWAYS_SEARCH_USER_PATHS = NO;
				CLANG_ANALYZER_NONNULL = YES;
				CLANG_CXX_LANGUAGE_STANDARD = "gnu++0x";
				CLANG_CXX_LIBRARY = "libc++";
				CLANG_ENABLE_MODULES = YES;
				CLANG_ENABLE_OBJC_ARC = YES;
				CLANG_WARN_BOOL_CONVERSION = YES;
				CLANG_WARN_CONSTANT_CONVERSION = YES;
				CLANG_WARN_DIRECT_OBJC_ISA_USAGE = YES_ERROR;
				CLANG_WARN_EMPTY_BODY = YES;
				CLANG_WARN_ENUM_CONVERSION = YES;
				CLANG_WARN_INT_CONVERSION = YES;
				CLANG_WARN_OBJC_ROOT_CLASS = YES_ERROR;
				CLANG_WARN_UNREACHABLE_CODE = YES;
				CLANG_WARN__DUPLICATE_METHOD_MATCH = YES;
				"CODE_SIGN_IDENTITY[sdk=iphoneos*]" = "iPhone Developer";
				COPY_PHASE_STRIP = NO;
				DEBUG_INFORMATION_FORMAT = dwarf;
				ENABLE_STRICT_OBJC_MSGSEND = YES;
				ENABLE_TESTABILITY = YES;
				GCC_C_LANGUAGE_STANDARD = gnu99;
				GCC_DYNAMIC_NO_PIC = NO;
				GCC_NO_COMMON_BLOCKS = YES;
				GCC_OPTIMIZATION_LEVEL = 0;
				GCC_PREPROCESSOR_DEFINITIONS = (
					"DEBUG=1",
					"$(inherited)",
				);
				GCC_WARN_64_TO_32_BIT_CONVERSION = YES;
				GCC_WARN_ABOUT_RETURN_TYPE = YES_ERROR;
				GCC_WARN_UNDECLARED_SELECTOR = YES;
				GCC_WARN_UNINITIALIZED_AUTOS = YES_AGGRESSIVE;
				GCC_WARN_UNUSED_FUNCTION = YES;
				GCC_WARN_UNUSED_VARIABLE = YES;
				IPHONEOS_DEPLOYMENT_TARGET = 9.3;
				MTL_ENABLE_DEBUG_INFO = YES;
				ONLY_ACTIVE_ARCH = YES;
				SDKROOT = iphoneos;
			};
			name = Debug;
		};
		6FB37D2B1CD898C700B4A999 /* Release */ = {
			isa = XCBuildConfiguration;
			buildSettings = {
				ALWAYS_SEARCH_USER_PATHS = NO;
				CLANG_ANALYZER_NONNULL = YES;
				CLANG_CXX_LANGUAGE_STANDARD = "gnu++0x";
				CLANG_CXX_LIBRARY = "libc++";
				CLANG_ENABLE_MODULES = YES;
				CLANG_ENABLE_OBJC_ARC = YES;
				CLANG_WARN_BOOL_CONVERSION = YES;
				CLANG_WARN_CONSTANT_CONVERSION = YES;
				CLANG_WARN_DIRECT_OBJC_ISA_USAGE = YES_ERROR;
				CLANG_WARN_EMPTY_BODY = YES;
				CLANG_WARN_ENUM_CONVERSION = YES;
				CLANG_WARN_INT_CONVERSION = YES;
				CLANG_WARN_OBJC_ROOT_CLASS = YES_ERROR;
				CLANG_WARN_UNREACHABLE_CODE = YES;
				CLANG_WARN__DUPLICATE_METHOD_MATCH = YES;
				"CODE_SIGN_IDENTITY[sdk=iphoneos*]" = "iPhone Developer";
				COPY_PHASE_STRIP = NO;
				DEBUG_INFORMATION_FORMAT = "dwarf-with-dsym";
				ENABLE_NS_ASSERTIONS = NO;
				ENABLE_STRICT_OBJC_MSGSEND = YES;
				GCC_C_LANGUAGE_STANDARD = gnu99;
				GCC_NO_COMMON_BLOCKS = YES;
				GCC_WARN_64_TO_32_BIT_CONVERSION = YES;
				GCC_WARN_ABOUT_RETURN_TYPE = YES_ERROR;
				GCC_WARN_UNDECLARED_SELECTOR = YES;
				GCC_WARN_UNINITIALIZED_AUTOS = YES_AGGRESSIVE;
				GCC_WARN_UNUSED_FUNCTION = YES;
				GCC_WARN_UNUSED_VARIABLE = YES;
				IPHONEOS_DEPLOYMENT_TARGET = 9.3;
				MTL_ENABLE_DEBUG_INFO = NO;
				SDKROOT = iphoneos;
				VALIDATE_PRODUCT = YES;
			};
			name = Release;
		};
		6FB37D2D1CD898C700B4A999 /* Debug */ = {
			isa = XCBuildConfiguration;
			buildSettings = {
				ASSETCATALOG_COMPILER_APPICON_NAME = AppIcon;
				INFOPLIST_FILE = ClickWebImageAmplification/Info.plist;
				LD_RUNPATH_SEARCH_PATHS = "$(inherited) @executable_path/Frameworks";
				PRODUCT_BUNDLE_IDENTIFIER = com.hemengjie.ClickWebImageAmplification;
				PRODUCT_NAME = "$(TARGET_NAME)";
			};
			name = Debug;
		};
		6FB37D2E1CD898C700B4A999 /* Release */ = {
			isa = XCBuildConfiguration;
			buildSettings = {
				ASSETCATALOG_COMPILER_APPICON_NAME = AppIcon;
				INFOPLIST_FILE = ClickWebImageAmplification/Info.plist;
				LD_RUNPATH_SEARCH_PATHS = "$(inherited) @executable_path/Frameworks";
				PRODUCT_BUNDLE_IDENTIFIER = com.hemengjie.ClickWebImageAmplification;
				PRODUCT_NAME = "$(TARGET_NAME)";
			};
			name = Release;
		};
		6FB37D301CD898C700B4A999 /* Debug */ = {
			isa = XCBuildConfiguration;
			buildSettings = {
				BUNDLE_LOADER = "$(TEST_HOST)";
				INFOPLIST_FILE = ClickWebImageAmplificationTests/Info.plist;
				LD_RUNPATH_SEARCH_PATHS = "$(inherited) @executable_path/Frameworks @loader_path/Frameworks";
				PRODUCT_BUNDLE_IDENTIFIER = com.hemengjie.ClickWebImageAmplificationTests;
				PRODUCT_NAME = "$(TARGET_NAME)";
				TEST_HOST = "$(BUILT_PRODUCTS_DIR)/ClickWebImageAmplification.app/ClickWebImageAmplification";
			};
			name = Debug;
		};
		6FB37D311CD898C700B4A999 /* Release */ = {
			isa = XCBuildConfiguration;
			buildSettings = {
				BUNDLE_LOADER = "$(TEST_HOST)";
				INFOPLIST_FILE = ClickWebImageAmplificationTests/Info.plist;
				LD_RUNPATH_SEARCH_PATHS = "$(inherited) @executable_path/Frameworks @loader_path/Frameworks";
				PRODUCT_BUNDLE_IDENTIFIER = com.hemengjie.ClickWebImageAmplificationTests;
				PRODUCT_NAME = "$(TARGET_NAME)";
				TEST_HOST = "$(BUILT_PRODUCTS_DIR)/ClickWebImageAmplification.app/ClickWebImageAmplification";
			};
			name = Release;
		};
		6FB37D331CD898C700B4A999 /* Debug */ = {
			isa = XCBuildConfiguration;
			buildSettings = {
				INFOPLIST_FILE = ClickWebImageAmplificationUITests/Info.plist;
				LD_RUNPATH_SEARCH_PATHS = "$(inherited) @executable_path/Frameworks @loader_path/Frameworks";
				PRODUCT_BUNDLE_IDENTIFIER = com.hemengjie.ClickWebImageAmplificationUITests;
				PRODUCT_NAME = "$(TARGET_NAME)";
				TEST_TARGET_NAME = ClickWebImageAmplification;
			};
			name = Debug;
		};
		6FB37D341CD898C700B4A999 /* Release */ = {
			isa = XCBuildConfiguration;
			buildSettings = {
				INFOPLIST_FILE = ClickWebImageAmplificationUITests/Info.plist;
				LD_RUNPATH_SEARCH_PATHS = "$(inherited) @executable_path/Frameworks @loader_path/Frameworks";
				PRODUCT_BUNDLE_IDENTIFIER = com.hemengjie.ClickWebImageAmplificationUITests;
				PRODUCT_NAME = "$(TARGET_NAME)";
				TEST_TARGET_NAME = ClickWebImageAmplification;
			};
			name = Release;
		};
/* End XCBuildConfiguration section */

/* Begin XCConfigurationList section */
		6FB37CFA1CD898C700B4A999 /* Build configuration list for PBXProject "ClickWebImageAmplification" */ = {
			isa = XCConfigurationList;
			buildConfigurations = (
				6FB37D2A1CD898C700B4A999 /* Debug */,
				6FB37D2B1CD898C700B4A999 /* Release */,
			);
			defaultConfigurationIsVisible = 0;
			defaultConfigurationName = Release;
		};
		6FB37D2C1CD898C700B4A999 /* Build configuration list for PBXNativeTarget "ClickWebImageAmplification" */ = {
			isa = XCConfigurationList;
			buildConfigurations = (
				6FB37D2D1CD898C700B4A999 /* Debug */,
				6FB37D2E1CD898C700B4A999 /* Release */,
			);
			defaultConfigurationIsVisible = 0;
		};
		6FB37D2F1CD898C700B4A999 /* Build configuration list for PBXNativeTarget "ClickWebImageAmplificationTests" */ = {
			isa = XCConfigurationList;
			buildConfigurations = (
				6FB37D301CD898C700B4A999 /* Debug */,
				6FB37D311CD898C700B4A999 /* Release */,
			);
			defaultConfigurationIsVisible = 0;
		};
		6FB37D321CD898C700B4A999 /* Build configuration list for PBXNativeTarget "ClickWebImageAmplificationUITests" */ = {
			isa = XCConfigurationList;
			buildConfigurations = (
				6FB37D331CD898C700B4A999 /* Debug */,
				6FB37D341CD898C700B4A999 /* Release */,
			);
			defaultConfigurationIsVisible = 0;
		};
/* End XCConfigurationList section */
	};
	rootObject = 6FB37CF71CD898C700B4A999 /* Project object */;
}
